
Microsoft Visual Studio Solution File, Format Version 12.00
# Visual Studio Version 16
VisualStudioVersion = 16.0.35325.158
MinimumVisualStudioVersion = 10.0.40219.1
Project("{FAE04EC0-301F-11D3-BF4B-00C04F79EFBC}") = "HTMLAssignment", "HTMLAssignment.csproj", "{270822B7-F772-41E6-A3CE-7F11EAC2D93A}"
EndProject
Global
	GlobalSection(SolutionConfigurationPlatforms) = preSolution
		Debug|Any CPU = Debug|Any CPU
		Release|Any CPU = Release|Any CPU
	EndGlobalSection
	GlobalSection(ProjectConfigurationPlatforms) = postSolution
		{270822B7-F772-41E6-A3CE-7F11EAC2D93A}.Debug|Any CPU.ActiveCfg = Debug|Any CPU
		{270822B7-F772-41E6-A3CE-7F11EAC2D93A}.Debug|Any CPU.Build.0 = Debug|Any CPU
		{270822B7-F772-41E6-A3CE-7F11EAC2D93A}.Release|Any CPU.ActiveCfg = Release|Any CPU
		{270822B7-F772-41E6-A3CE-7F11EAC2D93A}.Release|Any CPU.Build.0 = Release|Any CPU
	EndGlobalSection
	GlobalSection(SolutionProperties) = preSolution
		HideSolutionNode = FALSE
	EndGlobalSection
	GlobalSection(ExtensibilityGlobals) = postSolution
		SolutionGuid = {4F6002EC-FE69-4089-A465-D30322CA7292}
	EndGlobalSection
EndGlobal
