
Microsoft Visual Studio Solution File, Format Version 12.00
# Visual Studio Version 16
VisualStudioVersion = 16.0.35325.158
MinimumVisualStudioVersion = 10.0.40219.1
Project("{FAE04EC0-301F-11D3-BF4B-00C04F79EFBC}") = "Assignment-2", "Assignment-2.csproj", "{FA91E608-C3AA-4BDC-B46E-53B4676FC878}"
EndProject
Global
	GlobalSection(SolutionConfigurationPlatforms) = preSolution
		Debug|Any CPU = Debug|Any CPU
		Release|Any CPU = Release|Any CPU
	EndGlobalSection
	GlobalSection(ProjectConfigurationPlatforms) = postSolution
		{FA91E608-C3AA-4BDC-B46E-53B4676FC878}.Debug|Any CPU.ActiveCfg = Debug|Any CPU
		{FA91E608-C3AA-4BDC-B46E-53B4676FC878}.Debug|Any CPU.Build.0 = Debug|Any CPU
		{FA91E608-C3AA-4BDC-B46E-53B4676FC878}.Release|Any CPU.ActiveCfg = Release|Any CPU
		{FA91E608-C3AA-4BDC-B46E-53B4676FC878}.Release|Any CPU.Build.0 = Release|Any CPU
	EndGlobalSection
	GlobalSection(SolutionProperties) = preSolution
		HideSolutionNode = FALSE
	EndGlobalSection
	GlobalSection(ExtensibilityGlobals) = postSolution
		SolutionGuid = {7EE31B55-DE34-4C0C-99F3-A1C352B2DF5D}
	EndGlobalSection
EndGlobal
