
Microsoft Visual Studio Solution File, Format Version 12.00
# Visual Studio Version 16
VisualStudioVersion = 16.0.35325.158
MinimumVisualStudioVersion = 10.0.40219.1
Project("{FAE04EC0-301F-11D3-BF4B-00C04F79EFBC}") = "Assignment-4", "Assignment-4.csproj", "{4AF56C34-1C2F-4FE8-8268-9E123FD16EE1}"
EndProject
Global
	GlobalSection(SolutionConfigurationPlatforms) = preSolution
		Debug|Any CPU = Debug|Any CPU
		Release|Any CPU = Release|Any CPU
	EndGlobalSection
	GlobalSection(ProjectConfigurationPlatforms) = postSolution
		{4AF56C34-1C2F-4FE8-8268-9E123FD16EE1}.Debug|Any CPU.ActiveCfg = Debug|Any CPU
		{4AF56C34-1C2F-4FE8-8268-9E123FD16EE1}.Debug|Any CPU.Build.0 = Debug|Any CPU
		{4AF56C34-1C2F-4FE8-8268-9E123FD16EE1}.Release|Any CPU.ActiveCfg = Release|Any CPU
		{4AF56C34-1C2F-4FE8-8268-9E123FD16EE1}.Release|Any CPU.Build.0 = Release|Any CPU
	EndGlobalSection
	GlobalSection(SolutionProperties) = preSolution
		HideSolutionNode = FALSE
	EndGlobalSection
	GlobalSection(ExtensibilityGlobals) = postSolution
		SolutionGuid = {C32DCC6D-37F1-473E-B2A4-7CB875786E67}
	EndGlobalSection
EndGlobal
